
Microsoft Visual Studio Solution File, Format Version 12.00
# Visual Studio Version 16
VisualStudioVersion = 16.0.31515.178
MinimumVisualStudioVersion = 10.0.40219.1
Project("{FAE04EC0-301F-11D3-BF4B-00C04F79EFBC}") = "PasswordGenerator", "PasswordGenerator\PasswordGenerator.csproj", "{BE4625B8-3C85-48DB-984B-6508F5549A36}"
EndProject
Global
	GlobalSection(SolutionConfigurationPlatforms) = preSolution
		Debug|Any CPU = Debug|Any CPU
		Release|Any CPU = Release|Any CPU
	EndGlobalSection
	GlobalSection(ProjectConfigurationPlatforms) = postSolution
		{BE4625B8-3C85-48DB-984B-6508F5549A36}.Debug|Any CPU.ActiveCfg = Debug|Any CPU
		{BE4625B8-3C85-48DB-984B-6508F5549A36}.Debug|Any CPU.Build.0 = Debug|Any CPU
		{BE4625B8-3C85-48DB-984B-6508F5549A36}.Release|Any CPU.ActiveCfg = Release|Any CPU
		{BE4625B8-3C85-48DB-984B-6508F5549A36}.Release|Any CPU.Build.0 = Release|Any CPU
	EndGlobalSection
	GlobalSection(SolutionProperties) = preSolution
		HideSolutionNode = FALSE
	EndGlobalSection
	GlobalSection(ExtensibilityGlobals) = postSolution
		SolutionGuid = {A6370E71-6E89-484E-9647-BB09C04026D0}
	EndGlobalSection
EndGlobal
